
Microsoft Visual Studio Solution File, Format Version 12.00
# Visual Studio Version 17
VisualStudioVersion = 17.1.32328.378
MinimumVisualStudioVersion = 10.0.40219.1
Project("{FAE04EC0-301F-11D3-BF4B-00C04F79EFBC}") = "LogisticsWebAPI", "LogisticsWebAPI\LogisticsWebAPI.csproj", "{9DFEA768-3135-42D3-9C20-941CF1A2D437}"
EndProject
Global
	GlobalSection(SolutionConfigurationPlatforms) = preSolution
		Debug|Any CPU = Debug|Any CPU
		Release|Any CPU = Release|Any CPU
	EndGlobalSection
	GlobalSection(ProjectConfigurationPlatforms) = postSolution
		{9DFEA768-3135-42D3-9C20-941CF1A2D437}.Debug|Any CPU.ActiveCfg = Debug|Any CPU
		{9DFEA768-3135-42D3-9C20-941CF1A2D437}.Debug|Any CPU.Build.0 = Debug|Any CPU
		{9DFEA768-3135-42D3-9C20-941CF1A2D437}.Release|Any CPU.ActiveCfg = Release|Any CPU
		{9DFEA768-3135-42D3-9C20-941CF1A2D437}.Release|Any CPU.Build.0 = Release|Any CPU
	EndGlobalSection
	GlobalSection(SolutionProperties) = preSolution
		HideSolutionNode = FALSE
	EndGlobalSection
	GlobalSection(ExtensibilityGlobals) = postSolution
		SolutionGuid = {EB8AC03E-51B5-42F4-96D2-E6AE5ABB9388}
	EndGlobalSection
EndGlobal
